// !$*UTF8*$!
{
	archiveVersion = 1;
	classes = {
	};
	objectVersion = 50;
	objects = {

/* Begin PBXBuildFile section */
		A914F02820B6D4B500D83391 /* AppDelegate.m in Sources */ = {isa = PBXBuildFile; fileRef = A914F02720B6D4B500D83391 /* AppDelegate.m */; };
		A914F02B20B6D4B600D83391 /* ViewController.m in Sources */ = {isa = PBXBuildFile; fileRef = A914F02A20B6D4B600D83391 /* ViewController.m */; };
		A914F02E20B6D4B600D83391 /* Main.storyboard in Resources */ = {isa = PBXBuildFile; fileRef = A914F02C20B6D4B600D83391 /* Main.storyboard */; };
		A914F03020B6D4B700D83391 /* Assets.xcassets in Resources */ = {isa = PBXBuildFile; fileRef = A914F02F20B6D4B700D83391 /* Assets.xcassets */; };
		A914F03320B6D4B700D83391 /* LaunchScreen.storyboard in Resources */ = {isa = PBXBuildFile; fileRef = A914F03120B6D4B700D83391 /* LaunchScreen.storyboard */; };
		A914F03620B6D4B700D83391 /* main.m in Sources */ = {isa = PBXBuildFile; fileRef = A914F03520B6D4B700D83391 /* main.m */; };
		A914F04020B6D4B700D83391 /* GameDemoTests.m in Sources */ = {isa = PBXBuildFile; fileRef = A914F03F20B6D4B700D83391 /* GameDemoTests.m */; };
		A914F04B20B6D4B700D83391 /* GameDemoUITests.m in Sources */ = {isa = PBXBuildFile; fileRef = A914F04A20B6D4B700D83391 /* GameDemoUITests.m */; };
		A914F05A20B6DC8900D83391 /* FruitView.m in Sources */ = {isa = PBXBuildFile; fileRef = A914F05920B6DC8900D83391 /* FruitView.m */; };
		A914F06120B8137D00D83391 /* DemoViewController.m in Sources */ = {isa = PBXBuildFile; fileRef = A914F05F20B8137D00D83391 /* DemoViewController.m */; };
		A914F06220B8137D00D83391 /* DemoViewController.xib in Resources */ = {isa = PBXBuildFile; fileRef = A914F06020B8137D00D83391 /* DemoViewController.xib */; };
/* End PBXBuildFile section */

/* Begin PBXContainerItemProxy section */
		A914F03C20B6D4B700D83391 /* PBXContainerItemProxy */ = {
			isa = PBXContainerItemProxy;
			containerPortal = A914F01B20B6D4B500D83391 /* Project object */;
			proxyType = 1;
			remoteGlobalIDString = A914F02220B6D4B500D83391;
			remoteInfo = GameDemo;
		};
		A914F04720B6D4B700D83391 /* PBXContainerItemProxy */ = {
			isa = PBXContainerItemProxy;
			containerPortal = A914F01B20B6D4B500D83391 /* Project object */;
			proxyType = 1;
			remoteGlobalIDString = A914F02220B6D4B500D83391;
			remoteInfo = GameDemo;
		};
/* End PBXContainerItemProxy section */

/* Begin PBXFileReference section */
		A914F02320B6D4B500D83391 /* GameDemo.app */ = {isa = PBXFileReference; explicitFileType = wrapper.application; includeInIndex = 0; path = GameDemo.app; sourceTree = BUILT_PRODUCTS_DIR; };
		A914F02620B6D4B500D83391 /* AppDelegate.h */ = {isa = PBXFileReference; lastKnownFileType = sourcecode.c.h; path = AppDelegate.h; sourceTree = "<group>"; };
		A914F02720B6D4B500D83391 /* AppDelegate.m */ = {isa = PBXFileReference; lastKnownFileType = sourcecode.c.objc; path = AppDelegate.m; sourceTree = "<group>"; };
		A914F02920B6D4B600D83391 /* ViewController.h */ = {isa = PBXFileReference; lastKnownFileType = sourcecode.c.h; path = ViewController.h; sourceTree = "<group>"; };
		A914F02A20B6D4B600D83391 /* ViewController.m */ = {isa = PBXFileReference; lastKnownFileType = sourcecode.c.objc; path = ViewController.m; sourceTree = "<group>"; };
		A914F02D20B6D4B600D83391 /* Base */ = {isa = PBXFileReference; lastKnownFileType = file.storyboard; name = Base; path = Base.lproj/Main.storyboard; sourceTree = "<group>"; };
		A914F02F20B6D4B700D83391 /* Assets.xcassets */ = {isa = PBXFileReference; lastKnownFileType = folder.assetcatalog; path = Assets.xcassets; sourceTree = "<group>"; };
		A914F03220B6D4B700D83391 /* Base */ = {isa = PBXFileReference; lastKnownFileType = file.storyboard; name = Base; path = Base.lproj/LaunchScreen.storyboard; sourceTree = "<group>"; };
		A914F03420B6D4B700D83391 /* Info.plist */ = {isa = PBXFileReference; lastKnownFileType = text.plist.xml; path = Info.plist; sourceTree = "<group>"; };
		A914F03520B6D4B700D83391 /* main.m */ = {isa = PBXFileReference; lastKnownFileType = sourcecode.c.objc; path = main.m; sourceTree = "<group>"; };
		A914F03B20B6D4B700D83391 /* GameDemoTests.xctest */ = {isa = PBXFileReference; explicitFileType = wrapper.cfbundle; includeInIndex = 0; path = GameDemoTests.xctest; sourceTree = BUILT_PRODUCTS_DIR; };
		A914F03F20B6D4B700D83391 /* GameDemoTests.m */ = {isa = PBXFileReference; lastKnownFileType = sourcecode.c.objc; path = GameDemoTests.m; sourceTree = "<group>"; };
		A914F04120B6D4B700D83391 /* Info.plist */ = {isa = PBXFileReference; lastKnownFileType = text.plist.xml; path = Info.plist; sourceTree = "<group>"; };
		A914F04620B6D4B700D83391 /* GameDemoUITests.xctest */ = {isa = PBXFileReference; explicitFileType = wrapper.cfbundle; includeInIndex = 0; path = GameDemoUITests.xctest; sourceTree = BUILT_PRODUCTS_DIR; };
		A914F04A20B6D4B700D83391 /* GameDemoUITests.m */ = {isa = PBXFileReference; lastKnownFileType = sourcecode.c.objc; path = GameDemoUITests.m; sourceTree = "<group>"; };
		A914F04C20B6D4B700D83391 /* Info.plist */ = {isa = PBXFileReference; lastKnownFileType = text.plist.xml; path = Info.plist; sourceTree = "<group>"; };
		A914F05820B6DC8900D83391 /* FruitView.h */ = {isa = PBXFileReference; lastKnownFileType = sourcecode.c.h; path = FruitView.h; sourceTree = "<group>"; };
		A914F05920B6DC8900D83391 /* FruitView.m */ = {isa = PBXFileReference; lastKnownFileType = sourcecode.c.objc; path = FruitView.m; sourceTree = "<group>"; };
		A914F05E20B8137D00D83391 /* DemoViewController.h */ = {isa = PBXFileReference; lastKnownFileType = sourcecode.c.h; name = DemoViewController.h; path = Assets.xcassets/DemoViewController.h; sourceTree = "<group>"; };
		A914F05F20B8137D00D83391 /* DemoViewController.m */ = {isa = PBXFileReference; lastKnownFileType = sourcecode.c.objc; name = DemoViewController.m; path = Assets.xcassets/DemoViewController.m; sourceTree = "<group>"; };
		A914F06020B8137D00D83391 /* DemoViewController.xib */ = {isa = PBXFileReference; lastKnownFileType = file.xib; name = DemoViewController.xib; path = Assets.xcassets/DemoViewController.xib; sourceTree = "<group>"; };
/* End PBXFileReference section */

/* Begin PBXFrameworksBuildPhase section */
		A914F02020B6D4B500D83391 /* Frameworks */ = {
			isa = PBXFrameworksBuildPhase;
			buildActionMask = 2147483647;
			files = (
			);
			runOnlyForDeploymentPostprocessing = 0;
		};
		A914F03820B6D4B700D83391 /* Frameworks */ = {
			isa = PBXFrameworksBuildPhase;
			buildActionMask = 2147483647;
			files = (
			);
			runOnlyForDeploymentPostprocessing = 0;
		};
		A914F04320B6D4B700D83391 /* Frameworks */ = {
			isa = PBXFrameworksBuildPhase;
			buildActionMask = 2147483647;
			files = (
			);
			runOnlyForDeploymentPostprocessing = 0;
		};
/* End PBXFrameworksBuildPhase section */

/* Begin PBXGroup section */
		A914F01A20B6D4B500D83391 = {
			isa = PBXGroup;
			children = (
				A914F02520B6D4B500D83391 /* GameDemo */,
				A914F03E20B6D4B700D83391 /* GameDemoTests */,
				A914F04920B6D4B700D83391 /* GameDemoUITests */,
				A914F02420B6D4B500D83391 /* Products */,
			);
			sourceTree = "<group>";
		};
		A914F02420B6D4B500D83391 /* Products */ = {
			isa = PBXGroup;
			children = (
				A914F02320B6D4B500D83391 /* GameDemo.app */,
				A914F03B20B6D4B700D83391 /* GameDemoTests.xctest */,
				A914F04620B6D4B700D83391 /* GameDemoUITests.xctest */,
			);
			name = Products;
			sourceTree = "<group>";
		};
		A914F02520B6D4B500D83391 /* GameDemo */ = {
			isa = PBXGroup;
			children = (
				A914F02620B6D4B500D83391 /* AppDelegate.h */,
				A914F02720B6D4B500D83391 /* AppDelegate.m */,
				A914F02920B6D4B600D83391 /* ViewController.h */,
				A914F02A20B6D4B600D83391 /* ViewController.m */,
				A914F05E20B8137D00D83391 /* DemoViewController.h */,
				A914F05F20B8137D00D83391 /* DemoViewController.m */,
				A914F06020B8137D00D83391 /* DemoViewController.xib */,
				A914F05820B6DC8900D83391 /* FruitView.h */,
				A914F05920B6DC8900D83391 /* FruitView.m */,
				A914F02C20B6D4B600D83391 /* Main.storyboard */,
				A914F02F20B6D4B700D83391 /* Assets.xcassets */,
				A914F03120B6D4B700D83391 /* LaunchScreen.storyboard */,
				A914F03420B6D4B700D83391 /* Info.plist */,
				A914F03520B6D4B700D83391 /* main.m */,
			);
			path = GameDemo;
			sourceTree = "<group>";
		};
		A914F03E20B6D4B700D83391 /* GameDemoTests */ = {
			isa = PBXGroup;
			children = (
				A914F03F20B6D4B700D83391 /* GameDemoTests.m */,
				A914F04120B6D4B700D83391 /* Info.plist */,
			);
			path = GameDemoTests;
			sourceTree = "<group>";
		};
		A914F04920B6D4B700D83391 /* GameDemoUITests */ = {
			isa = PBXGroup;
			children = (
				A914F04A20B6D4B700D83391 /* GameDemoUITests.m */,
				A914F04C20B6D4B700D83391 /* Info.plist */,
			);
			path = GameDemoUITests;
			sourceTree = "<group>";
		};
/* End PBXGroup section */

/* Begin PBXNativeTarget section */
		A914F02220B6D4B500D83391 /* GameDemo */ = {
			isa = PBXNativeTarget;
			buildConfigurationList = A914F04F20B6D4B700D83391 /* Build configuration list for PBXNativeTarget "GameDemo" */;
			buildPhases = (
				A914F01F20B6D4B500D83391 /* Sources */,
				A914F02020B6D4B500D83391 /* Frameworks */,
				A914F02120B6D4B500D83391 /* Resources */,
			);
			buildRules = (
			);
			dependencies = (
			);
			name = GameDemo;
			productName = GameDemo;
			productReference = A914F02320B6D4B500D83391 /* GameDemo.app */;
			productType = "com.apple.product-type.application";
		};
		A914F03A20B6D4B700D83391 /* GameDemoTests */ = {
			isa = PBXNativeTarget;
			buildConfigurationList = A914F05220B6D4B700D83391 /* Build configuration list for PBXNativeTarget "GameDemoTests" */;
			buildPhases = (
				A914F03720B6D4B700D83391 /* Sources */,
				A914F03820B6D4B700D83391 /* Frameworks */,
				A914F03920B6D4B700D83391 /* Resources */,
			);
			buildRules = (
			);
			dependencies = (
				A914F03D20B6D4B700D83391 /* PBXTargetDependency */,
			);
			name = GameDemoTests;
			productName = GameDemoTests;
			productReference = A914F03B20B6D4B700D83391 /* GameDemoTests.xctest */;
			productType = "com.apple.product-type.bundle.unit-test";
		};
		A914F04520B6D4B700D83391 /* GameDemoUITests */ = {
			isa = PBXNativeTarget;
			buildConfigurationList = A914F05520B6D4B700D83391 /* Build configuration list for PBXNativeTarget "GameDemoUITests" */;
			buildPhases = (
				A914F04220B6D4B700D83391 /* Sources */,
				A914F04320B6D4B700D83391 /* Frameworks */,
				A914F04420B6D4B700D83391 /* Resources */,
			);
			buildRules = (
			);
			dependencies = (
				A914F04820B6D4B700D83391 /* PBXTargetDependency */,
			);
			name = GameDemoUITests;
			productName = GameDemoUITests;
			productReference = A914F04620B6D4B700D83391 /* GameDemoUITests.xctest */;
			productType = "com.apple.product-type.bundle.ui-testing";
		};
/* End PBXNativeTarget section */

/* Begin PBXProject section */
		A914F01B20B6D4B500D83391 /* Project object */ = {
			isa = PBXProject;
			attributes = {
				LastUpgradeCheck = 0930;
				ORGANIZATIONNAME = lwy1218;
				TargetAttributes = {
					A914F02220B6D4B500D83391 = {
						CreatedOnToolsVersion = 9.3.1;
					};
					A914F03A20B6D4B700D83391 = {
						CreatedOnToolsVersion = 9.3.1;
						TestTargetID = A914F02220B6D4B500D83391;
					};
					A914F04520B6D4B700D83391 = {
						CreatedOnToolsVersion = 9.3.1;
						TestTargetID = A914F02220B6D4B500D83391;
					};
				};
			};
			buildConfigurationList = A914F01E20B6D4B500D83391 /* Build configuration list for PBXProject "GameDemo" */;
			compatibilityVersion = "Xcode 9.3";
			developmentRegion = en;
			hasScannedForEncodings = 0;
			knownRegions = (
				en,
				Base,
			);
			mainGroup = A914F01A20B6D4B500D83391;
			productRefGroup = A914F02420B6D4B500D83391 /* Products */;
			projectDirPath = "";
			projectRoot = "";
			targets = (
				A914F02220B6D4B500D83391 /* GameDemo */,
				A914F03A20B6D4B700D83391 /* GameDemoTests */,
				A914F04520B6D4B700D83391 /* GameDemoUITests */,
			);
		};
/* End PBXProject section */

/* Begin PBXResourcesBuildPhase section */
		A914F02120B6D4B500D83391 /* Resources */ = {
			isa = PBXResourcesBuildPhase;
			buildActionMask = 2147483647;
			files = (
				A914F03320B6D4B700D83391 /* LaunchScreen.storyboard in Resources */,
				A914F03020B6D4B700D83391 /* Assets.xcassets in Resources */,
				A914F02E20B6D4B600D83391 /* Main.storyboard in Resources */,
				A914F06220B8137D00D83391 /* DemoViewController.xib in Resources */,
			);
			runOnlyForDeploymentPostprocessing = 0;
		};
		A914F03920B6D4B700D83391 /* Resources */ = {
			isa = PBXResourcesBuildPhase;
			buildActionMask = 2147483647;
			files = (
			);
			runOnlyForDeploymentPostprocessing = 0;
		};
		A914F04420B6D4B700D83391 /* Resources */ = {
			isa = PBXResourcesBuildPhase;
			buildActionMask = 2147483647;
			files = (
			);
			runOnlyForDeploymentPostprocessing = 0;
		};
/* End PBXResourcesBuildPhase section */

/* Begin PBXSourcesBuildPhase section */
		A914F01F20B6D4B500D83391 /* Sources */ = {
			isa = PBXSourcesBuildPhase;
			buildActionMask = 2147483647;
			files = (
				A914F02B20B6D4B600D83391 /* ViewController.m in Sources */,
				A914F03620B6D4B700D83391 /* main.m in Sources */,
				A914F02820B6D4B500D83391 /* AppDelegate.m in Sources */,
				A914F06120B8137D00D83391 /* DemoViewController.m in Sources */,
				A914F05A20B6DC8900D83391 /* FruitView.m in Sources */,
			);
			runOnlyForDeploymentPostprocessing = 0;
		};
		A914F03720B6D4B700D83391 /* Sources */ = {
			isa = PBXSourcesBuildPhase;
			buildActionMask = 2147483647;
			files = (
				A914F04020B6D4B700D83391 /* GameDemoTests.m in Sources */,
			);
			runOnlyForDeploymentPostprocessing = 0;
		};
		A914F04220B6D4B700D83391 /* Sources */ = {
			isa = PBXSourcesBuildPhase;
			buildActionMask = 2147483647;
			files = (
				A914F04B20B6D4B700D83391 /* GameDemoUITests.m in Sources */,
			);
			runOnlyForDeploymentPostprocessing = 0;
		};
/* End PBXSourcesBuildPhase section */

/* Begin PBXTargetDependency section */
		A914F03D20B6D4B700D83391 /* PBXTargetDependency */ = {
			isa = PBXTargetDependency;
			target = A914F02220B6D4B500D83391 /* GameDemo */;
			targetProxy = A914F03C20B6D4B700D83391 /* PBXContainerItemProxy */;
		};
		A914F04820B6D4B700D83391 /* PBXTargetDependency */ = {
			isa = PBXTargetDependency;
			target = A914F02220B6D4B500D83391 /* GameDemo */;
			targetProxy = A914F04720B6D4B700D83391 /* PBXContainerItemProxy */;
		};
/* End PBXTargetDependency section */

/* Begin PBXVariantGroup section */
		A914F02C20B6D4B600D83391 /* Main.storyboard */ = {
			isa = PBXVariantGroup;
			children = (
				A914F02D20B6D4B600D83391 /* Base */,
			);
			name = Main.storyboard;
			sourceTree = "<group>";
		};
		A914F03120B6D4B700D83391 /* LaunchScreen.storyboard */ = {
			isa = PBXVariantGroup;
			children = (
				A914F03220B6D4B700D83391 /* Base */,
			);
			name = LaunchScreen.storyboard;
			sourceTree = "<group>";
		};
/* End PBXVariantGroup section */

/* Begin XCBuildConfiguration section */
		A914F04D20B6D4B700D83391 /* Debug */ = {
			isa = XCBuildConfiguration;
			buildSettings = {
				ALWAYS_SEARCH_USER_PATHS = NO;
				CLANG_ANALYZER_NONNULL = YES;
				CLANG_ANALYZER_NUMBER_OBJECT_CONVERSION = YES_AGGRESSIVE;
				CLANG_CXX_LANGUAGE_STANDARD = "gnu++14";
				CLANG_CXX_LIBRARY = "libc++";
				CLANG_ENABLE_MODULES = YES;
				CLANG_ENABLE_OBJC_ARC = YES;
				CLANG_ENABLE_OBJC_WEAK = YES;
				CLANG_WARN_BLOCK_CAPTURE_AUTORELEASING = YES;
				CLANG_WARN_BOOL_CONVERSION = YES;
				CLANG_WARN_COMMA = YES;
				CLANG_WARN_CONSTANT_CONVERSION = YES;
				CLANG_WARN_DEPRECATED_OBJC_IMPLEMENTATIONS = YES;
				CLANG_WARN_DIRECT_OBJC_ISA_USAGE = YES_ERROR;
				CLANG_WARN_DOCUMENTATION_COMMENTS = YES;
				CLANG_WARN_EMPTY_BODY = YES;
				CLANG_WARN_ENUM_CONVERSION = YES;
				CLANG_WARN_INFINITE_RECURSION = YES;
				CLANG_WARN_INT_CONVERSION = YES;
				CLANG_WARN_NON_LITERAL_NULL_CONVERSION = YES;
				CLANG_WARN_OBJC_IMPLICIT_RETAIN_SELF = YES;
				CLANG_WARN_OBJC_LITERAL_CONVERSION = YES;
				CLANG_WARN_OBJC_ROOT_CLASS = YES_ERROR;
				CLANG_WARN_RANGE_LOOP_ANALYSIS = YES;
				CLANG_WARN_STRICT_PROTOTYPES = YES;
				CLANG_WARN_SUSPICIOUS_MOVE = YES;
				CLANG_WARN_UNGUARDED_AVAILABILITY = YES_AGGRESSIVE;
				CLANG_WARN_UNREACHABLE_CODE = YES;
				CLANG_WARN__DUPLICATE_METHOD_MATCH = YES;
				CODE_SIGN_IDENTITY = "iPhone Developer";
				COPY_PHASE_STRIP = NO;
				DEBUG_INFORMATION_FORMAT = dwarf;
				ENABLE_STRICT_OBJC_MSGSEND = YES;
				ENABLE_TESTABILITY = YES;
				GCC_C_LANGUAGE_STANDARD = gnu11;
				GCC_DYNAMIC_NO_PIC = NO;
				GCC_NO_COMMON_BLOCKS = YES;
				GCC_OPTIMIZATION_LEVEL = 0;
				GCC_PREPROCESSOR_DEFINITIONS = (
					"DEBUG=1",
					"$(inherited)",
				);
				GCC_WARN_64_TO_32_BIT_CONVERSION = YES;
				GCC_WARN_ABOUT_RETURN_TYPE = YES_ERROR;
				GCC_WARN_UNDECLARED_SELECTOR = YES;
				GCC_WARN_UNINITIALIZED_AUTOS = YES_AGGRESSIVE;
				GCC_WARN_UNUSED_FUNCTION = YES;
				GCC_WARN_UNUSED_VARIABLE = YES;
				IPHONEOS_DEPLOYMENT_TARGET = 11.3;
				MTL_ENABLE_DEBUG_INFO = YES;
				ONLY_ACTIVE_ARCH = YES;
				SDKROOT = iphoneos;
			};
			name = Debug;
		};
		A914F04E20B6D4B700D83391 /* Release */ = {
			isa = XCBuildConfiguration;
			buildSettings = {
				ALWAYS_SEARCH_USER_PATHS = NO;
				CLANG_ANALYZER_NONNULL = YES;
				CLANG_ANALYZER_NUMBER_OBJECT_CONVERSION = YES_AGGRESSIVE;
				CLANG_CXX_LANGUAGE_STANDARD = "gnu++14";
				CLANG_CXX_LIBRARY = "libc++";
				CLANG_ENABLE_MODULES = YES;
				CLANG_ENABLE_OBJC_ARC = YES;
				CLANG_ENABLE_OBJC_WEAK = YES;
				CLANG_WARN_BLOCK_CAPTURE_AUTORELEASING = YES;
				CLANG_WARN_BOOL_CONVERSION = YES;
				CLANG_WARN_COMMA = YES;
				CLANG_WARN_CONSTANT_CONVERSION = YES;
				CLANG_WARN_DEPRECATED_OBJC_IMPLEMENTATIONS = YES;
				CLANG_WARN_DIRECT_OBJC_ISA_USAGE = YES_ERROR;
				CLANG_WARN_DOCUMENTATION_COMMENTS = YES;
				CLANG_WARN_EMPTY_BODY = YES;
				CLANG_WARN_ENUM_CONVERSION = YES;
				CLANG_WARN_INFINITE_RECURSION = YES;
				CLANG_WARN_INT_CONVERSION = YES;
				CLANG_WARN_NON_LITERAL_NULL_CONVERSION = YES;
				CLANG_WARN_OBJC_IMPLICIT_RETAIN_SELF = YES;
				CLANG_WARN_OBJC_LITERAL_CONVERSION = YES;
				CLANG_WARN_OBJC_ROOT_CLASS = YES_ERROR;
				CLANG_WARN_RANGE_LOOP_ANALYSIS = YES;
				CLANG_WARN_STRICT_PROTOTYPES = YES;
				CLANG_WARN_SUSPICIOUS_MOVE = YES;
				CLANG_WARN_UNGUARDED_AVAILABILITY = YES_AGGRESSIVE;
				CLANG_WARN_UNREACHABLE_CODE = YES;
				CLANG_WARN__DUPLICATE_METHOD_MATCH = YES;
				CODE_SIGN_IDENTITY = "iPhone Developer";
				COPY_PHASE_STRIP = NO;
				DEBUG_INFORMATION_FORMAT = "dwarf-with-dsym";
				ENABLE_NS_ASSERTIONS = NO;
				ENABLE_STRICT_OBJC_MSGSEND = YES;
				GCC_C_LANGUAGE_STANDARD = gnu11;
				GCC_NO_COMMON_BLOCKS = YES;
				GCC_WARN_64_TO_32_BIT_CONVERSION = YES;
				GCC_WARN_ABOUT_RETURN_TYPE = YES_ERROR;
				GCC_WARN_UNDECLARED_SELECTOR = YES;
				GCC_WARN_UNINITIALIZED_AUTOS = YES_AGGRESSIVE;
				GCC_WARN_UNUSED_FUNCTION = YES;
				GCC_WARN_UNUSED_VARIABLE = YES;
				IPHONEOS_DEPLOYMENT_TARGET = 11.3;
				MTL_ENABLE_DEBUG_INFO = NO;
				SDKROOT = iphoneos;
				VALIDATE_PRODUCT = YES;
			};
			name = Release;
		};
		A914F05020B6D4B700D83391 /* Debug */ = {
			isa = XCBuildConfiguration;
			buildSettings = {
				ASSETCATALOG_COMPILER_APPICON_NAME = AppIcon;
				CODE_SIGN_STYLE = Automatic;
				DEVELOPMENT_TEAM = 6PKRU8JWQ6;
				INFOPLIST_FILE = GameDemo/Info.plist;
				LD_RUNPATH_SEARCH_PATHS = (
					"$(inherited)",
					"@executable_path/Frameworks",
				);
				PRODUCT_BUNDLE_IDENTIFIER = lwy1218.GameDemo;
				PRODUCT_NAME = "$(TARGET_NAME)";
				TARGETED_DEVICE_FAMILY = "1,2";
			};
			name = Debug;
		};
		A914F05120B6D4B700D83391 /* Release */ = {
			isa = XCBuildConfiguration;
			buildSettings = {
				ASSETCATALOG_COMPILER_APPICON_NAME = AppIcon;
				CODE_SIGN_STYLE = Automatic;
				DEVELOPMENT_TEAM = 6PKRU8JWQ6;
				INFOPLIST_FILE = GameDemo/Info.plist;
				LD_RUNPATH_SEARCH_PATHS = (
					"$(inherited)",
					"@executable_path/Frameworks",
				);
				PRODUCT_BUNDLE_IDENTIFIER = lwy1218.GameDemo;
				PRODUCT_NAME = "$(TARGET_NAME)";
				TARGETED_DEVICE_FAMILY = "1,2";
			};
			name = Release;
		};
		A914F05320B6D4B700D83391 /* Debug */ = {
			isa = XCBuildConfiguration;
			buildSettings = {
				BUNDLE_LOADER = "$(TEST_HOST)";
				CODE_SIGN_STYLE = Automatic;
				DEVELOPMENT_TEAM = 6PKRU8JWQ6;
				INFOPLIST_FILE = GameDemoTests/Info.plist;
				LD_RUNPATH_SEARCH_PATHS = (
					"$(inherited)",
					"@executable_path/Frameworks",
					"@loader_path/Frameworks",
				);
				PRODUCT_BUNDLE_IDENTIFIER = lwy1218.GameDemoTests;
				PRODUCT_NAME = "$(TARGET_NAME)";
				TARGETED_DEVICE_FAMILY = "1,2";
				TEST_HOST = "$(BUILT_PRODUCTS_DIR)/GameDemo.app/GameDemo";
			};
			name = Debug;
		};
		A914F05420B6D4B700D83391 /* Release */ = {
			isa = XCBuildConfiguration;
			buildSettings = {
				BUNDLE_LOADER = "$(TEST_HOST)";
				CODE_SIGN_STYLE = Automatic;
				DEVELOPMENT_TEAM = 6PKRU8JWQ6;
				INFOPLIST_FILE = GameDemoTests/Info.plist;
				LD_RUNPATH_SEARCH_PATHS = (
					"$(inherited)",
					"@executable_path/Frameworks",
					"@loader_path/Frameworks",
				);
				PRODUCT_BUNDLE_IDENTIFIER = lwy1218.GameDemoTests;
				PRODUCT_NAME = "$(TARGET_NAME)";
				TARGETED_DEVICE_FAMILY = "1,2";
				TEST_HOST = "$(BUILT_PRODUCTS_DIR)/GameDemo.app/GameDemo";
			};
			name = Release;
		};
		A914F05620B6D4B700D83391 /* Debug */ = {
			isa = XCBuildConfiguration;
			buildSettings = {
				CODE_SIGN_STYLE = Automatic;
				DEVELOPMENT_TEAM = 6PKRU8JWQ6;
				INFOPLIST_FILE = GameDemoUITests/Info.plist;
				LD_RUNPATH_SEARCH_PATHS = (
					"$(inherited)",
					"@executable_path/Frameworks",
					"@loader_path/Frameworks",
				);
				PRODUCT_BUNDLE_IDENTIFIER = lwy1218.GameDemoUITests;
				PRODUCT_NAME = "$(TARGET_NAME)";
				TARGETED_DEVICE_FAMILY = "1,2";
				TEST_TARGET_NAME = GameDemo;
			};
			name = Debug;
		};
		A914F05720B6D4B700D83391 /* Release */ = {
			isa = XCBuildConfiguration;
			buildSettings = {
				CODE_SIGN_STYLE = Automatic;
				DEVELOPMENT_TEAM = 6PKRU8JWQ6;
				INFOPLIST_FILE = GameDemoUITests/Info.plist;
				LD_RUNPATH_SEARCH_PATHS = (
					"$(inherited)",
					"@executable_path/Frameworks",
					"@loader_path/Frameworks",
				);
				PRODUCT_BUNDLE_IDENTIFIER = lwy1218.GameDemoUITests;
				PRODUCT_NAME = "$(TARGET_NAME)";
				TARGETED_DEVICE_FAMILY = "1,2";
				TEST_TARGET_NAME = GameDemo;
			};
			name = Release;
		};
/* End XCBuildConfiguration section */

/* Begin XCConfigurationList section */
		A914F01E20B6D4B500D83391 /* Build configuration list for PBXProject "GameDemo" */ = {
			isa = XCConfigurationList;
			buildConfigurations = (
				A914F04D20B6D4B700D83391 /* Debug */,
				A914F04E20B6D4B700D83391 /* Release */,
			);
			defaultConfigurationIsVisible = 0;
			defaultConfigurationName = Release;
		};
		A914F04F20B6D4B700D83391 /* Build configuration list for PBXNativeTarget "GameDemo" */ = {
			isa = XCConfigurationList;
			buildConfigurations = (
				A914F05020B6D4B700D83391 /* Debug */,
				A914F05120B6D4B700D83391 /* Release */,
			);
			defaultConfigurationIsVisible = 0;
			defaultConfigurationName = Release;
		};
		A914F05220B6D4B700D83391 /* Build configuration list for PBXNativeTarget "GameDemoTests" */ = {
			isa = XCConfigurationList;
			buildConfigurations = (
				A914F05320B6D4B700D83391 /* Debug */,
				A914F05420B6D4B700D83391 /* Release */,
			);
			defaultConfigurationIsVisible = 0;
			defaultConfigurationName = Release;
		};
		A914F05520B6D4B700D83391 /* Build configuration list for PBXNativeTarget "GameDemoUITests" */ = {
			isa = XCConfigurationList;
			buildConfigurations = (
				A914F05620B6D4B700D83391 /* Debug */,
				A914F05720B6D4B700D83391 /* Release */,
			);
			defaultConfigurationIsVisible = 0;
			defaultConfigurationName = Release;
		};
/* End XCConfigurationList section */
	};
	rootObject = A914F01B20B6D4B500D83391 /* Project object */;
}
